
Microsoft Visual Studio Solution File, Format Version 12.00
# Visual Studio Version 17
VisualStudioVersion = 17.14.36109.1 d17.14
MinimumVisualStudioVersion = 10.0.40219.1
Project("{FAE04EC0-301F-11D3-BF4B-00C04F79EFBC}") = "GUI_QuanLyThuVien", "GUI_QuanLyThuVien\GUI_QuanLyThuVien.csproj", "{6E0D2AA5-2A06-4079-89BD-00917488C8EC}"
EndProject
Project("{FAE04EC0-301F-11D3-BF4B-00C04F79EFBC}") = "BLL_QuanLyThuVien", "BLL_QuanLyThuVien\BLL_QuanLyThuVien.csproj", "{83B9D387-0A37-41F0-A49B-AAA67059975F}"
EndProject
Project("{FAE04EC0-301F-11D3-BF4B-00C04F79EFBC}") = "DAL_QuanLyThuVien", "DAL_QuanLyThuVien\DAL_QuanLyThuVien.csproj", "{42EDCB79-4683-47D6-8F30-B39B33B2AA5B}"
EndProject
Project("{FAE04EC0-301F-11D3-BF4B-00C04F79EFBC}") = "DTO_QuanLyThuVien", "DTO_QuanLyThuVien\DTO_QuanLyThuVien.csproj", "{58BD75A1-09D5-4E8E-BEBA-03D3303C9B77}"
EndProject
Project("{FAE04EC0-301F-11D3-BF4B-00C04F79EFBC}") = "UTIL_QuanLyThuVien", "UNTIL_QuanLyThuVien\UTIL_QuanLyThuVien.csproj", "{DC5DFBB3-4F77-43E8-A2F6-F8A36BB14DBE}"
EndProject
Global
	GlobalSection(SolutionConfigurationPlatforms) = preSolution
		Debug|Any CPU = Debug|Any CPU
		Release|Any CPU = Release|Any CPU
	EndGlobalSection
	GlobalSection(ProjectConfigurationPlatforms) = postSolution
		{6E0D2AA5-2A06-4079-89BD-00917488C8EC}.Debug|Any CPU.ActiveCfg = Debug|Any CPU
		{6E0D2AA5-2A06-4079-89BD-00917488C8EC}.Debug|Any CPU.Build.0 = Debug|Any CPU
		{6E0D2AA5-2A06-4079-89BD-00917488C8EC}.Release|Any CPU.ActiveCfg = Release|Any CPU
		{6E0D2AA5-2A06-4079-89BD-00917488C8EC}.Release|Any CPU.Build.0 = Release|Any CPU
		{83B9D387-0A37-41F0-A49B-AAA67059975F}.Debug|Any CPU.ActiveCfg = Debug|Any CPU
		{83B9D387-0A37-41F0-A49B-AAA67059975F}.Debug|Any CPU.Build.0 = Debug|Any CPU
		{83B9D387-0A37-41F0-A49B-AAA67059975F}.Release|Any CPU.ActiveCfg = Release|Any CPU
		{83B9D387-0A37-41F0-A49B-AAA67059975F}.Release|Any CPU.Build.0 = Release|Any CPU
		{42EDCB79-4683-47D6-8F30-B39B33B2AA5B}.Debug|Any CPU.ActiveCfg = Debug|Any CPU
		{42EDCB79-4683-47D6-8F30-B39B33B2AA5B}.Debug|Any CPU.Build.0 = Debug|Any CPU
		{42EDCB79-4683-47D6-8F30-B39B33B2AA5B}.Release|Any CPU.ActiveCfg = Release|Any CPU
		{42EDCB79-4683-47D6-8F30-B39B33B2AA5B}.Release|Any CPU.Build.0 = Release|Any CPU
		{58BD75A1-09D5-4E8E-BEBA-03D3303C9B77}.Debug|Any CPU.ActiveCfg = Debug|Any CPU
		{58BD75A1-09D5-4E8E-BEBA-03D3303C9B77}.Debug|Any CPU.Build.0 = Debug|Any CPU
		{58BD75A1-09D5-4E8E-BEBA-03D3303C9B77}.Release|Any CPU.ActiveCfg = Release|Any CPU
		{58BD75A1-09D5-4E8E-BEBA-03D3303C9B77}.Release|Any CPU.Build.0 = Release|Any CPU
		{DC5DFBB3-4F77-43E8-A2F6-F8A36BB14DBE}.Debug|Any CPU.ActiveCfg = Debug|Any CPU
		{DC5DFBB3-4F77-43E8-A2F6-F8A36BB14DBE}.Debug|Any CPU.Build.0 = Debug|Any CPU
		{DC5DFBB3-4F77-43E8-A2F6-F8A36BB14DBE}.Release|Any CPU.ActiveCfg = Release|Any CPU
		{DC5DFBB3-4F77-43E8-A2F6-F8A36BB14DBE}.Release|Any CPU.Build.0 = Release|Any CPU
	EndGlobalSection
	GlobalSection(SolutionProperties) = preSolution
		HideSolutionNode = FALSE
	EndGlobalSection
	GlobalSection(ExtensibilityGlobals) = postSolution
		SolutionGuid = {43BCFCB8-19D4-4ED8-B947-52AF47BAE2D8}
	EndGlobalSection
EndGlobal
